
Microsoft Visual Studio Solution File, Format Version 12.00
# Visual Studio Version 17
VisualStudioVersion = 17.3.32929.385
MinimumVisualStudioVersion = 10.0.40219.1
Project("{9A19103F-16F7-4668-BE54-9A1E7A4F7556}") = "LandGEMWPF", "LandGEMWPF.csproj", "{96A07791-7774-469A-89CD-DD6AE61C4A34}"
EndProject
Project("{2150E333-8FDC-42A3-9474-1A3956D46DE8}") = "objects", "objects", "{C1F74DE9-3A19-4170-AADF-F1F26C465ED1}"
	ProjectSection(SolutionItems) = preProject
		OpenCSV.cs = OpenCSV.cs
	EndProjectSection
EndProject
Global
	GlobalSection(SolutionConfigurationPlatforms) = preSolution
		Debug|Any CPU = Debug|Any CPU
		Release|Any CPU = Release|Any CPU
	EndGlobalSection
	GlobalSection(ProjectConfigurationPlatforms) = postSolution
		{96A07791-7774-469A-89CD-DD6AE61C4A34}.Debug|Any CPU.ActiveCfg = Debug|Any CPU
		{96A07791-7774-469A-89CD-DD6AE61C4A34}.Debug|Any CPU.Build.0 = Debug|Any CPU
		{96A07791-7774-469A-89CD-DD6AE61C4A34}.Release|Any CPU.ActiveCfg = Release|Any CPU
		{96A07791-7774-469A-89CD-DD6AE61C4A34}.Release|Any CPU.Build.0 = Release|Any CPU
	EndGlobalSection
	GlobalSection(SolutionProperties) = preSolution
		HideSolutionNode = FALSE
	EndGlobalSection
	GlobalSection(ExtensibilityGlobals) = postSolution
		SolutionGuid = {5094BA3A-F9FB-4090-8B37-D9D57D7C8D91}
	EndGlobalSection
EndGlobal
